// !$*UTF8*$!
{
	archiveVersion = 1;
	classes = {
	};
	objectVersion = 56;
	objects = {

/* Begin PBXBuildFile section */
		4E49CFD52A6676BA0011E8D5 /* ____App.swift in Sources */ = {isa = PBXBuildFile; fileRef = 4E49CFD42A6676BA0011E8D5 /* ____App.swift */; };
		4E49CFD72A6676BA0011E8D5 /* ContentView.swift in Sources */ = {isa = PBXBuildFile; fileRef = 4E49CFD62A6676BA0011E8D5 /* ContentView.swift */; };
		4E49CFD92A6676BC0011E8D5 /* Assets.xcassets in Resources */ = {isa = PBXBuildFile; fileRef = 4E49CFD82A6676BC0011E8D5 /* Assets.xcassets */; };
		4E49CFDC2A6676BC0011E8D5 /* Preview Assets.xcassets in Resources */ = {isa = PBXBuildFile; fileRef = 4E49CFDB2A6676BC0011E8D5 /* Preview Assets.xcassets */; };
		4E49CFE62A6676BD0011E8D5 /* ____Tests.swift in Sources */ = {isa = PBXBuildFile; fileRef = 4E49CFE52A6676BD0011E8D5 /* ____Tests.swift */; };
		4E49CFF02A6676BD0011E8D5 /* ____UITests.swift in Sources */ = {isa = PBXBuildFile; fileRef = 4E49CFEF2A6676BD0011E8D5 /* ____UITests.swift */; };
		4E49CFF22A6676BD0011E8D5 /* ____UITestsLaunchTests.swift in Sources */ = {isa = PBXBuildFile; fileRef = 4E49CFF12A6676BD0011E8D5 /* ____UITestsLaunchTests.swift */; };
/* End PBXBuildFile section */

/* Begin PBXContainerItemProxy section */
		4E49CFE22A6676BD0011E8D5 /* PBXContainerItemProxy */ = {
			isa = PBXContainerItemProxy;
			containerPortal = 4E49CFC92A6676BA0011E8D5 /* Project object */;
			proxyType = 1;
			remoteGlobalIDString = 4E49CFD02A6676BA0011E8D5;
			remoteInfo = "스유";
		};
		4E49CFEC2A6676BD0011E8D5 /* PBXContainerItemProxy */ = {
			isa = PBXContainerItemProxy;
			containerPortal = 4E49CFC92A6676BA0011E8D5 /* Project object */;
			proxyType = 1;
			remoteGlobalIDString = 4E49CFD02A6676BA0011E8D5;
			remoteInfo = "스유";
		};
/* End PBXContainerItemProxy section */

/* Begin PBXFileReference section */
		4E49CFD12A6676BA0011E8D5 /* 스유.app */ = {isa = PBXFileReference; explicitFileType = wrapper.application; includeInIndex = 0; path = "스유.app"; sourceTree = BUILT_PRODUCTS_DIR; };
		4E49CFD42A6676BA0011E8D5 /* ____App.swift */ = {isa = PBXFileReference; lastKnownFileType = sourcecode.swift; path = "____App.swift"; sourceTree = "<group>"; };
		4E49CFD62A6676BA0011E8D5 /* ContentView.swift */ = {isa = PBXFileReference; lastKnownFileType = sourcecode.swift; path = ContentView.swift; sourceTree = "<group>"; };
		4E49CFD82A6676BC0011E8D5 /* Assets.xcassets */ = {isa = PBXFileReference; lastKnownFileType = folder.assetcatalog; path = Assets.xcassets; sourceTree = "<group>"; };
		4E49CFDB2A6676BC0011E8D5 /* Preview Assets.xcassets */ = {isa = PBXFileReference; lastKnownFileType = folder.assetcatalog; path = "Preview Assets.xcassets"; sourceTree = "<group>"; };
		4E49CFE12A6676BD0011E8D5 /* 스유Tests.xctest */ = {isa = PBXFileReference; explicitFileType = wrapper.cfbundle; includeInIndex = 0; path = "스유Tests.xctest"; sourceTree = BUILT_PRODUCTS_DIR; };
		4E49CFE52A6676BD0011E8D5 /* ____Tests.swift */ = {isa = PBXFileReference; lastKnownFileType = sourcecode.swift; path = "____Tests.swift"; sourceTree = "<group>"; };
		4E49CFEB2A6676BD0011E8D5 /* 스유UITests.xctest */ = {isa = PBXFileReference; explicitFileType = wrapper.cfbundle; includeInIndex = 0; path = "스유UITests.xctest"; sourceTree = BUILT_PRODUCTS_DIR; };
		4E49CFEF2A6676BD0011E8D5 /* ____UITests.swift */ = {isa = PBXFileReference; lastKnownFileType = sourcecode.swift; path = "____UITests.swift"; sourceTree = "<group>"; };
		4E49CFF12A6676BD0011E8D5 /* ____UITestsLaunchTests.swift */ = {isa = PBXFileReference; lastKnownFileType = sourcecode.swift; path = "____UITestsLaunchTests.swift"; sourceTree = "<group>"; };
/* End PBXFileReference section */

/* Begin PBXFrameworksBuildPhase section */
		4E49CFCE2A6676BA0011E8D5 /* Frameworks */ = {
			isa = PBXFrameworksBuildPhase;
			buildActionMask = 2147483647;
			files = (
			);
			runOnlyForDeploymentPostprocessing = 0;
		};
		4E49CFDE2A6676BD0011E8D5 /* Frameworks */ = {
			isa = PBXFrameworksBuildPhase;
			buildActionMask = 2147483647;
			files = (
			);
			runOnlyForDeploymentPostprocessing = 0;
		};
		4E49CFE82A6676BD0011E8D5 /* Frameworks */ = {
			isa = PBXFrameworksBuildPhase;
			buildActionMask = 2147483647;
			files = (
			);
			runOnlyForDeploymentPostprocessing = 0;
		};
/* End PBXFrameworksBuildPhase section */

/* Begin PBXGroup section */
		4E49CFC82A6676BA0011E8D5 = {
			isa = PBXGroup;
			children = (
				4E49CFD32A6676BA0011E8D5 /* 스유 */,
				4E49CFE42A6676BD0011E8D5 /* 스유Tests */,
				4E49CFEE2A6676BD0011E8D5 /* 스유UITests */,
				4E49CFD22A6676BA0011E8D5 /* Products */,
			);
			sourceTree = "<group>";
		};
		4E49CFD22A6676BA0011E8D5 /* Products */ = {
			isa = PBXGroup;
			children = (
				4E49CFD12A6676BA0011E8D5 /* 스유.app */,
				4E49CFE12A6676BD0011E8D5 /* 스유Tests.xctest */,
				4E49CFEB2A6676BD0011E8D5 /* 스유UITests.xctest */,
			);
			name = Products;
			sourceTree = "<group>";
		};
		4E49CFD32A6676BA0011E8D5 /* 스유 */ = {
			isa = PBXGroup;
			children = (
				4E49CFD42A6676BA0011E8D5 /* ____App.swift */,
				4E49CFD62A6676BA0011E8D5 /* ContentView.swift */,
				4E49CFD82A6676BC0011E8D5 /* Assets.xcassets */,
				4E49CFDA2A6676BC0011E8D5 /* Preview Content */,
			);
			path = "스유";
			sourceTree = "<group>";
		};
		4E49CFDA2A6676BC0011E8D5 /* Preview Content */ = {
			isa = PBXGroup;
			children = (
				4E49CFDB2A6676BC0011E8D5 /* Preview Assets.xcassets */,
			);
			path = "Preview Content";
			sourceTree = "<group>";
		};
		4E49CFE42A6676BD0011E8D5 /* 스유Tests */ = {
			isa = PBXGroup;
			children = (
				4E49CFE52A6676BD0011E8D5 /* ____Tests.swift */,
			);
			path = "스유Tests";
			sourceTree = "<group>";
		};
		4E49CFEE2A6676BD0011E8D5 /* 스유UITests */ = {
			isa = PBXGroup;
			children = (
				4E49CFEF2A6676BD0011E8D5 /* ____UITests.swift */,
				4E49CFF12A6676BD0011E8D5 /* ____UITestsLaunchTests.swift */,
			);
			path = "스유UITests";
			sourceTree = "<group>";
		};
/* End PBXGroup section */

/* Begin PBXNativeTarget section */
		4E49CFD02A6676BA0011E8D5 /* 스유 */ = {
			isa = PBXNativeTarget;
			buildConfigurationList = 4E49CFF52A6676BD0011E8D5 /* Build configuration list for PBXNativeTarget "스유" */;
			buildPhases = (
				4E49CFCD2A6676BA0011E8D5 /* Sources */,
				4E49CFCE2A6676BA0011E8D5 /* Frameworks */,
				4E49CFCF2A6676BA0011E8D5 /* Resources */,
			);
			buildRules = (
			);
			dependencies = (
			);
			name = "스유";
			productName = "스유";
			productReference = 4E49CFD12A6676BA0011E8D5 /* 스유.app */;
			productType = "com.apple.product-type.application";
		};
		4E49CFE02A6676BD0011E8D5 /* 스유Tests */ = {
			isa = PBXNativeTarget;
			buildConfigurationList = 4E49CFF82A6676BD0011E8D5 /* Build configuration list for PBXNativeTarget "스유Tests" */;
			buildPhases = (
				4E49CFDD2A6676BD0011E8D5 /* Sources */,
				4E49CFDE2A6676BD0011E8D5 /* Frameworks */,
				4E49CFDF2A6676BD0011E8D5 /* Resources */,
			);
			buildRules = (
			);
			dependencies = (
				4E49CFE32A6676BD0011E8D5 /* PBXTargetDependency */,
			);
			name = "스유Tests";
			productName = "스유Tests";
			productReference = 4E49CFE12A6676BD0011E8D5 /* 스유Tests.xctest */;
			productType = "com.apple.product-type.bundle.unit-test";
		};
		4E49CFEA2A6676BD0011E8D5 /* 스유UITests */ = {
			isa = PBXNativeTarget;
			buildConfigurationList = 4E49CFFB2A6676BD0011E8D5 /* Build configuration list for PBXNativeTarget "스유UITests" */;
			buildPhases = (
				4E49CFE72A6676BD0011E8D5 /* Sources */,
				4E49CFE82A6676BD0011E8D5 /* Frameworks */,
				4E49CFE92A6676BD0011E8D5 /* Resources */,
			);
			buildRules = (
			);
			dependencies = (
				4E49CFED2A6676BD0011E8D5 /* PBXTargetDependency */,
			);
			name = "스유UITests";
			productName = "스유UITests";
			productReference = 4E49CFEB2A6676BD0011E8D5 /* 스유UITests.xctest */;
			productType = "com.apple.product-type.bundle.ui-testing";
		};
/* End PBXNativeTarget section */

/* Begin PBXProject section */
		4E49CFC92A6676BA0011E8D5 /* Project object */ = {
			isa = PBXProject;
			attributes = {
				BuildIndependentTargetsInParallel = 1;
				LastSwiftUpdateCheck = 1430;
				LastUpgradeCheck = 1430;
				TargetAttributes = {
					4E49CFD02A6676BA0011E8D5 = {
						CreatedOnToolsVersion = 14.3.1;
					};
					4E49CFE02A6676BD0011E8D5 = {
						CreatedOnToolsVersion = 14.3.1;
						TestTargetID = 4E49CFD02A6676BA0011E8D5;
					};
					4E49CFEA2A6676BD0011E8D5 = {
						CreatedOnToolsVersion = 14.3.1;
						TestTargetID = 4E49CFD02A6676BA0011E8D5;
					};
				};
			};
			buildConfigurationList = 4E49CFCC2A6676BA0011E8D5 /* Build configuration list for PBXProject "스유" */;
			compatibilityVersion = "Xcode 14.0";
			developmentRegion = en;
			hasScannedForEncodings = 0;
			knownRegions = (
				en,
				Base,
			);
			mainGroup = 4E49CFC82A6676BA0011E8D5;
			productRefGroup = 4E49CFD22A6676BA0011E8D5 /* Products */;
			projectDirPath = "";
			projectRoot = "";
			targets = (
				4E49CFD02A6676BA0011E8D5 /* 스유 */,
				4E49CFE02A6676BD0011E8D5 /* 스유Tests */,
				4E49CFEA2A6676BD0011E8D5 /* 스유UITests */,
			);
		};
/* End PBXProject section */

/* Begin PBXResourcesBuildPhase section */
		4E49CFCF2A6676BA0011E8D5 /* Resources */ = {
			isa = PBXResourcesBuildPhase;
			buildActionMask = 2147483647;
			files = (
				4E49CFDC2A6676BC0011E8D5 /* Preview Assets.xcassets in Resources */,
				4E49CFD92A6676BC0011E8D5 /* Assets.xcassets in Resources */,
			);
			runOnlyForDeploymentPostprocessing = 0;
		};
		4E49CFDF2A6676BD0011E8D5 /* Resources */ = {
			isa = PBXResourcesBuildPhase;
			buildActionMask = 2147483647;
			files = (
			);
			runOnlyForDeploymentPostprocessing = 0;
		};
		4E49CFE92A6676BD0011E8D5 /* Resources */ = {
			isa = PBXResourcesBuildPhase;
			buildActionMask = 2147483647;
			files = (
			);
			runOnlyForDeploymentPostprocessing = 0;
		};
/* End PBXResourcesBuildPhase section */

/* Begin PBXSourcesBuildPhase section */
		4E49CFCD2A6676BA0011E8D5 /* Sources */ = {
			isa = PBXSourcesBuildPhase;
			buildActionMask = 2147483647;
			files = (
				4E49CFD72A6676BA0011E8D5 /* ContentView.swift in Sources */,
				4E49CFD52A6676BA0011E8D5 /* ____App.swift in Sources */,
			);
			runOnlyForDeploymentPostprocessing = 0;
		};
		4E49CFDD2A6676BD0011E8D5 /* Sources */ = {
			isa = PBXSourcesBuildPhase;
			buildActionMask = 2147483647;
			files = (
				4E49CFE62A6676BD0011E8D5 /* ____Tests.swift in Sources */,
			);
			runOnlyForDeploymentPostprocessing = 0;
		};
		4E49CFE72A6676BD0011E8D5 /* Sources */ = {
			isa = PBXSourcesBuildPhase;
			buildActionMask = 2147483647;
			files = (
				4E49CFF22A6676BD0011E8D5 /* ____UITestsLaunchTests.swift in Sources */,
				4E49CFF02A6676BD0011E8D5 /* ____UITests.swift in Sources */,
			);
			runOnlyForDeploymentPostprocessing = 0;
		};
/* End PBXSourcesBuildPhase section */

/* Begin PBXTargetDependency section */
		4E49CFE32A6676BD0011E8D5 /* PBXTargetDependency */ = {
			isa = PBXTargetDependency;
			target = 4E49CFD02A6676BA0011E8D5 /* 스유 */;
			targetProxy = 4E49CFE22A6676BD0011E8D5 /* PBXContainerItemProxy */;
		};
		4E49CFED2A6676BD0011E8D5 /* PBXTargetDependency */ = {
			isa = PBXTargetDependency;
			target = 4E49CFD02A6676BA0011E8D5 /* 스유 */;
			targetProxy = 4E49CFEC2A6676BD0011E8D5 /* PBXContainerItemProxy */;
		};
/* End PBXTargetDependency section */

/* Begin XCBuildConfiguration section */
		4E49CFF32A6676BD0011E8D5 /* Debug */ = {
			isa = XCBuildConfiguration;
			buildSettings = {
				ALWAYS_SEARCH_USER_PATHS = NO;
				CLANG_ANALYZER_NONNULL = YES;
				CLANG_ANALYZER_NUMBER_OBJECT_CONVERSION = YES_AGGRESSIVE;
				CLANG_CXX_LANGUAGE_STANDARD = "gnu++20";
				CLANG_ENABLE_MODULES = YES;
				CLANG_ENABLE_OBJC_ARC = YES;
				CLANG_ENABLE_OBJC_WEAK = YES;
				CLANG_WARN_BLOCK_CAPTURE_AUTORELEASING = YES;
				CLANG_WARN_BOOL_CONVERSION = YES;
				CLANG_WARN_COMMA = YES;
				CLANG_WARN_CONSTANT_CONVERSION = YES;
				CLANG_WARN_DEPRECATED_OBJC_IMPLEMENTATIONS = YES;
				CLANG_WARN_DIRECT_OBJC_ISA_USAGE = YES_ERROR;
				CLANG_WARN_DOCUMENTATION_COMMENTS = YES;
				CLANG_WARN_EMPTY_BODY = YES;
				CLANG_WARN_ENUM_CONVERSION = YES;
				CLANG_WARN_INFINITE_RECURSION = YES;
				CLANG_WARN_INT_CONVERSION = YES;
				CLANG_WARN_NON_LITERAL_NULL_CONVERSION = YES;
				CLANG_WARN_OBJC_IMPLICIT_RETAIN_SELF = YES;
				CLANG_WARN_OBJC_LITERAL_CONVERSION = YES;
				CLANG_WARN_OBJC_ROOT_CLASS = YES_ERROR;
				CLANG_WARN_QUOTED_INCLUDE_IN_FRAMEWORK_HEADER = YES;
				CLANG_WARN_RANGE_LOOP_ANALYSIS = YES;
				CLANG_WARN_STRICT_PROTOTYPES = YES;
				CLANG_WARN_SUSPICIOUS_MOVE = YES;
				CLANG_WARN_UNGUARDED_AVAILABILITY = YES_AGGRESSIVE;
				CLANG_WARN_UNREACHABLE_CODE = YES;
				CLANG_WARN__DUPLICATE_METHOD_MATCH = YES;
				COPY_PHASE_STRIP = NO;
				DEBUG_INFORMATION_FORMAT = dwarf;
				ENABLE_STRICT_OBJC_MSGSEND = YES;
				ENABLE_TESTABILITY = YES;
				GCC_C_LANGUAGE_STANDARD = gnu11;
				GCC_DYNAMIC_NO_PIC = NO;
				GCC_NO_COMMON_BLOCKS = YES;
				GCC_OPTIMIZATION_LEVEL = 0;
				GCC_PREPROCESSOR_DEFINITIONS = (
					"DEBUG=1",
					"$(inherited)",
				);
				GCC_WARN_64_TO_32_BIT_CONVERSION = YES;
				GCC_WARN_ABOUT_RETURN_TYPE = YES_ERROR;
				GCC_WARN_UNDECLARED_SELECTOR = YES;
				GCC_WARN_UNINITIALIZED_AUTOS = YES_AGGRESSIVE;
				GCC_WARN_UNUSED_FUNCTION = YES;
				GCC_WARN_UNUSED_VARIABLE = YES;
				IPHONEOS_DEPLOYMENT_TARGET = 16.4;
				MTL_ENABLE_DEBUG_INFO = INCLUDE_SOURCE;
				MTL_FAST_MATH = YES;
				ONLY_ACTIVE_ARCH = YES;
				SDKROOT = iphoneos;
				SWIFT_ACTIVE_COMPILATION_CONDITIONS = DEBUG;
				SWIFT_OPTIMIZATION_LEVEL = "-Onone";
			};
			name = Debug;
		};
		4E49CFF42A6676BD0011E8D5 /* Release */ = {
			isa = XCBuildConfiguration;
			buildSettings = {
				ALWAYS_SEARCH_USER_PATHS = NO;
				CLANG_ANALYZER_NONNULL = YES;
				CLANG_ANALYZER_NUMBER_OBJECT_CONVERSION = YES_AGGRESSIVE;
				CLANG_CXX_LANGUAGE_STANDARD = "gnu++20";
				CLANG_ENABLE_MODULES = YES;
				CLANG_ENABLE_OBJC_ARC = YES;
				CLANG_ENABLE_OBJC_WEAK = YES;
				CLANG_WARN_BLOCK_CAPTURE_AUTORELEASING = YES;
				CLANG_WARN_BOOL_CONVERSION = YES;
				CLANG_WARN_COMMA = YES;
				CLANG_WARN_CONSTANT_CONVERSION = YES;
				CLANG_WARN_DEPRECATED_OBJC_IMPLEMENTATIONS = YES;
				CLANG_WARN_DIRECT_OBJC_ISA_USAGE = YES_ERROR;
				CLANG_WARN_DOCUMENTATION_COMMENTS = YES;
				CLANG_WARN_EMPTY_BODY = YES;
				CLANG_WARN_ENUM_CONVERSION = YES;
				CLANG_WARN_INFINITE_RECURSION = YES;
				CLANG_WARN_INT_CONVERSION = YES;
				CLANG_WARN_NON_LITERAL_NULL_CONVERSION = YES;
				CLANG_WARN_OBJC_IMPLICIT_RETAIN_SELF = YES;
				CLANG_WARN_OBJC_LITERAL_CONVERSION = YES;
				CLANG_WARN_OBJC_ROOT_CLASS = YES_ERROR;
				CLANG_WARN_QUOTED_INCLUDE_IN_FRAMEWORK_HEADER = YES;
				CLANG_WARN_RANGE_LOOP_ANALYSIS = YES;
				CLANG_WARN_STRICT_PROTOTYPES = YES;
				CLANG_WARN_SUSPICIOUS_MOVE = YES;
				CLANG_WARN_UNGUARDED_AVAILABILITY = YES_AGGRESSIVE;
				CLANG_WARN_UNREACHABLE_CODE = YES;
				CLANG_WARN__DUPLICATE_METHOD_MATCH = YES;
				COPY_PHASE_STRIP = NO;
				DEBUG_INFORMATION_FORMAT = "dwarf-with-dsym";
				ENABLE_NS_ASSERTIONS = NO;
				ENABLE_STRICT_OBJC_MSGSEND = YES;
				GCC_C_LANGUAGE_STANDARD = gnu11;
				GCC_NO_COMMON_BLOCKS = YES;
				GCC_WARN_64_TO_32_BIT_CONVERSION = YES;
				GCC_WARN_ABOUT_RETURN_TYPE = YES_ERROR;
				GCC_WARN_UNDECLARED_SELECTOR = YES;
				GCC_WARN_UNINITIALIZED_AUTOS = YES_AGGRESSIVE;
				GCC_WARN_UNUSED_FUNCTION = YES;
				GCC_WARN_UNUSED_VARIABLE = YES;
				IPHONEOS_DEPLOYMENT_TARGET = 16.4;
				MTL_ENABLE_DEBUG_INFO = NO;
				MTL_FAST_MATH = YES;
				SDKROOT = iphoneos;
				SWIFT_COMPILATION_MODE = wholemodule;
				SWIFT_OPTIMIZATION_LEVEL = "-O";
				VALIDATE_PRODUCT = YES;
			};
			name = Release;
		};
		4E49CFF62A6676BD0011E8D5 /* Debug */ = {
			isa = XCBuildConfiguration;
			buildSettings = {
				ASSETCATALOG_COMPILER_APPICON_NAME = AppIcon;
				ASSETCATALOG_COMPILER_GLOBAL_ACCENT_COLOR_NAME = AccentColor;
				CODE_SIGN_STYLE = Automatic;
				CURRENT_PROJECT_VERSION = 1;
				DEVELOPMENT_ASSET_PATHS = "\"스유/Preview Content\"";
				DEVELOPMENT_TEAM = 9A69549U7C;
				ENABLE_PREVIEWS = YES;
				GENERATE_INFOPLIST_FILE = YES;
				INFOPLIST_KEY_UIApplicationSceneManifest_Generation = YES;
				INFOPLIST_KEY_UIApplicationSupportsIndirectInputEvents = YES;
				INFOPLIST_KEY_UILaunchScreen_Generation = YES;
				INFOPLIST_KEY_UISupportedInterfaceOrientations_iPad = "UIInterfaceOrientationPortrait UIInterfaceOrientationPortraitUpsideDown UIInterfaceOrientationLandscapeLeft UIInterfaceOrientationLandscapeRight";
				INFOPLIST_KEY_UISupportedInterfaceOrientations_iPhone = "UIInterfaceOrientationPortrait UIInterfaceOrientationLandscapeLeft UIInterfaceOrientationLandscapeRight";
				LD_RUNPATH_SEARCH_PATHS = (
					"$(inherited)",
					"@executable_path/Frameworks",
				);
				MARKETING_VERSION = 1.0;
				PRODUCT_BUNDLE_IDENTIFIER = "https---github.com-zzangzzangguy-xy-9.----";
				PRODUCT_NAME = "$(TARGET_NAME)";
				SWIFT_EMIT_LOC_STRINGS = YES;
				SWIFT_VERSION = 5.0;
				TARGETED_DEVICE_FAMILY = "1,2";
			};
			name = Debug;
		};
		4E49CFF72A6676BD0011E8D5 /* Release */ = {
			isa = XCBuildConfiguration;
			buildSettings = {
				ASSETCATALOG_COMPILER_APPICON_NAME = AppIcon;
				ASSETCATALOG_COMPILER_GLOBAL_ACCENT_COLOR_NAME = AccentColor;
				CODE_SIGN_STYLE = Automatic;
				CURRENT_PROJECT_VERSION = 1;
				DEVELOPMENT_ASSET_PATHS = "\"스유/Preview Content\"";
				DEVELOPMENT_TEAM = 9A69549U7C;
				ENABLE_PREVIEWS = YES;
				GENERATE_INFOPLIST_FILE = YES;
				INFOPLIST_KEY_UIApplicationSceneManifest_Generation = YES;
				INFOPLIST_KEY_UIApplicationSupportsIndirectInputEvents = YES;
				INFOPLIST_KEY_UILaunchScreen_Generation = YES;
				INFOPLIST_KEY_UISupportedInterfaceOrientations_iPad = "UIInterfaceOrientationPortrait UIInterfaceOrientationPortraitUpsideDown UIInterfaceOrientationLandscapeLeft UIInterfaceOrientationLandscapeRight";
				INFOPLIST_KEY_UISupportedInterfaceOrientations_iPhone = "UIInterfaceOrientationPortrait UIInterfaceOrientationLandscapeLeft UIInterfaceOrientationLandscapeRight";
				LD_RUNPATH_SEARCH_PATHS = (
					"$(inherited)",
					"@executable_path/Frameworks",
				);
				MARKETING_VERSION = 1.0;
				PRODUCT_BUNDLE_IDENTIFIER = "https---github.com-zzangzzangguy-xy-9.----";
				PRODUCT_NAME = "$(TARGET_NAME)";
				SWIFT_EMIT_LOC_STRINGS = YES;
				SWIFT_VERSION = 5.0;
				TARGETED_DEVICE_FAMILY = "1,2";
			};
			name = Release;
		};
		4E49CFF92A6676BD0011E8D5 /* Debug */ = {
			isa = XCBuildConfiguration;
			buildSettings = {
				ALWAYS_EMBED_SWIFT_STANDARD_LIBRARIES = YES;
				BUNDLE_LOADER = "$(TEST_HOST)";
				CODE_SIGN_STYLE = Automatic;
				CURRENT_PROJECT_VERSION = 1;
				DEVELOPMENT_TEAM = 9A69549U7C;
				GENERATE_INFOPLIST_FILE = YES;
				IPHONEOS_DEPLOYMENT_TARGET = 16.4;
				MARKETING_VERSION = 1.0;
				PRODUCT_BUNDLE_IDENTIFIER = "https---github.com-zzangzzangguy-xy-9.----Tests";
				PRODUCT_NAME = "$(TARGET_NAME)";
				SWIFT_EMIT_LOC_STRINGS = NO;
				SWIFT_VERSION = 5.0;
				TARGETED_DEVICE_FAMILY = "1,2";
				TEST_HOST = "$(BUILT_PRODUCTS_DIR)/스유.app/$(BUNDLE_EXECUTABLE_FOLDER_PATH)/스유";
			};
			name = Debug;
		};
		4E49CFFA2A6676BD0011E8D5 /* Release */ = {
			isa = XCBuildConfiguration;
			buildSettings = {
				ALWAYS_EMBED_SWIFT_STANDARD_LIBRARIES = YES;
				BUNDLE_LOADER = "$(TEST_HOST)";
				CODE_SIGN_STYLE = Automatic;
				CURRENT_PROJECT_VERSION = 1;
				DEVELOPMENT_TEAM = 9A69549U7C;
				GENERATE_INFOPLIST_FILE = YES;
				IPHONEOS_DEPLOYMENT_TARGET = 16.4;
				MARKETING_VERSION = 1.0;
				PRODUCT_BUNDLE_IDENTIFIER = "https---github.com-zzangzzangguy-xy-9.----Tests";
				PRODUCT_NAME = "$(TARGET_NAME)";
				SWIFT_EMIT_LOC_STRINGS = NO;
				SWIFT_VERSION = 5.0;
				TARGETED_DEVICE_FAMILY = "1,2";
				TEST_HOST = "$(BUILT_PRODUCTS_DIR)/스유.app/$(BUNDLE_EXECUTABLE_FOLDER_PATH)/스유";
			};
			name = Release;
		};
		4E49CFFC2A6676BD0011E8D5 /* Debug */ = {
			isa = XCBuildConfiguration;
			buildSettings = {
				ALWAYS_EMBED_SWIFT_STANDARD_LIBRARIES = YES;
				CODE_SIGN_STYLE = Automatic;
				CURRENT_PROJECT_VERSION = 1;
				DEVELOPMENT_TEAM = 9A69549U7C;
				GENERATE_INFOPLIST_FILE = YES;
				MARKETING_VERSION = 1.0;
				PRODUCT_BUNDLE_IDENTIFIER = "https---github.com-zzangzzangguy-xy-9.----UITests";
				PRODUCT_NAME = "$(TARGET_NAME)";
				SWIFT_EMIT_LOC_STRINGS = NO;
				SWIFT_VERSION = 5.0;
				TARGETED_DEVICE_FAMILY = "1,2";
				TEST_TARGET_NAME = "스유";
			};
			name = Debug;
		};
		4E49CFFD2A6676BD0011E8D5 /* Release */ = {
			isa = XCBuildConfiguration;
			buildSettings = {
				ALWAYS_EMBED_SWIFT_STANDARD_LIBRARIES = YES;
				CODE_SIGN_STYLE = Automatic;
				CURRENT_PROJECT_VERSION = 1;
				DEVELOPMENT_TEAM = 9A69549U7C;
				GENERATE_INFOPLIST_FILE = YES;
				MARKETING_VERSION = 1.0;
				PRODUCT_BUNDLE_IDENTIFIER = "https---github.com-zzangzzangguy-xy-9.----UITests";
				PRODUCT_NAME = "$(TARGET_NAME)";
				SWIFT_EMIT_LOC_STRINGS = NO;
				SWIFT_VERSION = 5.0;
				TARGETED_DEVICE_FAMILY = "1,2";
				TEST_TARGET_NAME = "스유";
			};
			name = Release;
		};
/* End XCBuildConfiguration section */

/* Begin XCConfigurationList section */
		4E49CFCC2A6676BA0011E8D5 /* Build configuration list for PBXProject "스유" */ = {
			isa = XCConfigurationList;
			buildConfigurations = (
				4E49CFF32A6676BD0011E8D5 /* Debug */,
				4E49CFF42A6676BD0011E8D5 /* Release */,
			);
			defaultConfigurationIsVisible = 0;
			defaultConfigurationName = Release;
		};
		4E49CFF52A6676BD0011E8D5 /* Build configuration list for PBXNativeTarget "스유" */ = {
			isa = XCConfigurationList;
			buildConfigurations = (
				4E49CFF62A6676BD0011E8D5 /* Debug */,
				4E49CFF72A6676BD0011E8D5 /* Release */,
			);
			defaultConfigurationIsVisible = 0;
			defaultConfigurationName = Release;
		};
		4E49CFF82A6676BD0011E8D5 /* Build configuration list for PBXNativeTarget "스유Tests" */ = {
			isa = XCConfigurationList;
			buildConfigurations = (
				4E49CFF92A6676BD0011E8D5 /* Debug */,
				4E49CFFA2A6676BD0011E8D5 /* Release */,
			);
			defaultConfigurationIsVisible = 0;
			defaultConfigurationName = Release;
		};
		4E49CFFB2A6676BD0011E8D5 /* Build configuration list for PBXNativeTarget "스유UITests" */ = {
			isa = XCConfigurationList;
			buildConfigurations = (
				4E49CFFC2A6676BD0011E8D5 /* Debug */,
				4E49CFFD2A6676BD0011E8D5 /* Release */,
			);
			defaultConfigurationIsVisible = 0;
			defaultConfigurationName = Release;
		};
/* End XCConfigurationList section */
	};
	rootObject = 4E49CFC92A6676BA0011E8D5 /* Project object */;
}
